
Microsoft Visual Studio Solution File, Format Version 12.00
# Visual Studio Version 17
VisualStudioVersion = 17.0.31919.166
MinimumVisualStudioVersion = 10.0.40219.1
Project("{9A19103F-16F7-4668-BE54-9A1E7A4F7556}") = "AsyncEventHandlers", "AsyncEventHandlers\AsyncEventHandlers.csproj", "{94F725A7-5579-4CB4-A965-89CF7CC806D2}"
EndProject
Project("{9A19103F-16F7-4668-BE54-9A1E7A4F7556}") = "AsyncEventHandlers.Benchmarks", "AsyncEventHandlers.Benchmarks\AsyncEventHandlers.Benchmarks.csproj", "{2AE2DD2B-9860-4031-B92B-49019171CA56}"
EndProject
Project("{2150E333-8FDC-42A3-9474-1A3956D46DE8}") = "Samples", "Samples", "{16F6DF7C-EF1D-4A82-8070-C26909D4D416}"
EndProject
Project("{9A19103F-16F7-4668-BE54-9A1E7A4F7556}") = "AsyncEventHandlers.Samples.Delegate", "Samples\Delegate\AsyncEventHandlers.Samples.Delegate.csproj", "{620BE409-12D3-4D5A-A9F1-872582641C2F}"
EndProject
Project("{FAE04EC0-301F-11D3-BF4B-00C04F79EFBC}") = "AsyncEventHandlers.Samples.Type", "Samples\Type\AsyncEventHandlers.Samples.Type.csproj", "{F8CEC263-2346-4506-BD37-4847B1E7EBE3}"
EndProject
Global
	GlobalSection(SolutionConfigurationPlatforms) = preSolution
		Debug|Any CPU = Debug|Any CPU
		Release|Any CPU = Release|Any CPU
	EndGlobalSection
	GlobalSection(ProjectConfigurationPlatforms) = postSolution
		{94F725A7-5579-4CB4-A965-89CF7CC806D2}.Debug|Any CPU.ActiveCfg = Debug|Any CPU
		{94F725A7-5579-4CB4-A965-89CF7CC806D2}.Debug|Any CPU.Build.0 = Debug|Any CPU
		{94F725A7-5579-4CB4-A965-89CF7CC806D2}.Release|Any CPU.ActiveCfg = Release|Any CPU
		{94F725A7-5579-4CB4-A965-89CF7CC806D2}.Release|Any CPU.Build.0 = Release|Any CPU
		{2AE2DD2B-9860-4031-B92B-49019171CA56}.Debug|Any CPU.ActiveCfg = Debug|Any CPU
		{2AE2DD2B-9860-4031-B92B-49019171CA56}.Debug|Any CPU.Build.0 = Debug|Any CPU
		{2AE2DD2B-9860-4031-B92B-49019171CA56}.Release|Any CPU.ActiveCfg = Release|Any CPU
		{2AE2DD2B-9860-4031-B92B-49019171CA56}.Release|Any CPU.Build.0 = Release|Any CPU
		{620BE409-12D3-4D5A-A9F1-872582641C2F}.Debug|Any CPU.ActiveCfg = Debug|Any CPU
		{620BE409-12D3-4D5A-A9F1-872582641C2F}.Debug|Any CPU.Build.0 = Debug|Any CPU
		{620BE409-12D3-4D5A-A9F1-872582641C2F}.Release|Any CPU.ActiveCfg = Release|Any CPU
		{620BE409-12D3-4D5A-A9F1-872582641C2F}.Release|Any CPU.Build.0 = Release|Any CPU
		{F8CEC263-2346-4506-BD37-4847B1E7EBE3}.Debug|Any CPU.ActiveCfg = Debug|Any CPU
		{F8CEC263-2346-4506-BD37-4847B1E7EBE3}.Debug|Any CPU.Build.0 = Debug|Any CPU
		{F8CEC263-2346-4506-BD37-4847B1E7EBE3}.Release|Any CPU.ActiveCfg = Release|Any CPU
		{F8CEC263-2346-4506-BD37-4847B1E7EBE3}.Release|Any CPU.Build.0 = Release|Any CPU
	EndGlobalSection
	GlobalSection(SolutionProperties) = preSolution
		HideSolutionNode = FALSE
	EndGlobalSection
	GlobalSection(NestedProjects) = preSolution
		{620BE409-12D3-4D5A-A9F1-872582641C2F} = {16F6DF7C-EF1D-4A82-8070-C26909D4D416}
		{F8CEC263-2346-4506-BD37-4847B1E7EBE3} = {16F6DF7C-EF1D-4A82-8070-C26909D4D416}
	EndGlobalSection
	GlobalSection(ExtensibilityGlobals) = postSolution
		SolutionGuid = {D7EA0B41-E2EB-456C-90A0-B109041BA5AC}
	EndGlobalSection
EndGlobal
